// !$*UTF8*$!
{
	archiveVersion = 1;
	classes = {
	};
	objectVersion = 46;
	objects = {

/* Begin PBXBuildFile section */
		652D336015FE4CE0003E01D3 /* UIKit.framework in Frameworks */ = {isa = PBXBuildFile; fileRef = 652D335F15FE4CE0003E01D3 /* UIKit.framework */; };
		652D336215FE4CE0003E01D3 /* Foundation.framework in Frameworks */ = {isa = PBXBuildFile; fileRef = 652D336115FE4CE0003E01D3 /* Foundation.framework */; };
		652D336415FE4CE0003E01D3 /* CoreGraphics.framework in Frameworks */ = {isa = PBXBuildFile; fileRef = 652D336315FE4CE0003E01D3 /* CoreGraphics.framework */; };
		652D336A15FE4CE0003E01D3 /* InfoPlist.strings in Resources */ = {isa = PBXBuildFile; fileRef = 652D336815FE4CE0003E01D3 /* InfoPlist.strings */; };
		652D336C15FE4CE0003E01D3 /* main.m in Sources */ = {isa = PBXBuildFile; fileRef = 652D336B15FE4CE0003E01D3 /* main.m */; };
		652D337015FE4CE0003E01D3 /* WhereamiAppDelegate.m in Sources */ = {isa = PBXBuildFile; fileRef = 652D336F15FE4CE0003E01D3 /* WhereamiAppDelegate.m */; };
		652D337315FE4CE0003E01D3 /* WhereamiViewController.m in Sources */ = {isa = PBXBuildFile; fileRef = 652D337215FE4CE0003E01D3 /* WhereamiViewController.m */; };
		652D337615FE4CE0003E01D3 /* WhereamiViewController.xib in Resources */ = {isa = PBXBuildFile; fileRef = 652D337415FE4CE0003E01D3 /* WhereamiViewController.xib */; };
		652D337D15FE4E7E003E01D3 /* CoreLocation.framework in Frameworks */ = {isa = PBXBuildFile; fileRef = 652D337C15FE4E7E003E01D3 /* CoreLocation.framework */; };
		652D338715FF62BC003E01D3 /* MapKit.framework in Frameworks */ = {isa = PBXBuildFile; fileRef = 652D338615FF62BC003E01D3 /* MapKit.framework */; };
		652D338B15FF93CD003E01D3 /* BNRMapPoint.m in Sources */ = {isa = PBXBuildFile; fileRef = 652D338A15FF93CD003E01D3 /* BNRMapPoint.m */; };
/* End PBXBuildFile section */

/* Begin PBXFileReference section */
		652D335B15FE4CE0003E01D3 /* Whereami.app */ = {isa = PBXFileReference; explicitFileType = wrapper.application; includeInIndex = 0; path = Whereami.app; sourceTree = BUILT_PRODUCTS_DIR; };
		652D335F15FE4CE0003E01D3 /* UIKit.framework */ = {isa = PBXFileReference; lastKnownFileType = wrapper.framework; name = UIKit.framework; path = System/Library/Frameworks/UIKit.framework; sourceTree = SDKROOT; };
		652D336115FE4CE0003E01D3 /* Foundation.framework */ = {isa = PBXFileReference; lastKnownFileType = wrapper.framework; name = Foundation.framework; path = System/Library/Frameworks/Foundation.framework; sourceTree = SDKROOT; };
		652D336315FE4CE0003E01D3 /* CoreGraphics.framework */ = {isa = PBXFileReference; lastKnownFileType = wrapper.framework; name = CoreGraphics.framework; path = System/Library/Frameworks/CoreGraphics.framework; sourceTree = SDKROOT; };
		652D336715FE4CE0003E01D3 /* Whereami-Info.plist */ = {isa = PBXFileReference; lastKnownFileType = text.plist.xml; path = "Whereami-Info.plist"; sourceTree = "<group>"; };
		652D336915FE4CE0003E01D3 /* en */ = {isa = PBXFileReference; lastKnownFileType = text.plist.strings; name = en; path = en.lproj/InfoPlist.strings; sourceTree = "<group>"; };
		652D336B15FE4CE0003E01D3 /* main.m */ = {isa = PBXFileReference; lastKnownFileType = sourcecode.c.objc; path = main.m; sourceTree = "<group>"; };
		652D336D15FE4CE0003E01D3 /* Whereami-Prefix.pch */ = {isa = PBXFileReference; lastKnownFileType = sourcecode.c.h; path = "Whereami-Prefix.pch"; sourceTree = "<group>"; };
		652D336E15FE4CE0003E01D3 /* WhereamiAppDelegate.h */ = {isa = PBXFileReference; lastKnownFileType = sourcecode.c.h; path = WhereamiAppDelegate.h; sourceTree = "<group>"; };
		652D336F15FE4CE0003E01D3 /* WhereamiAppDelegate.m */ = {isa = PBXFileReference; lastKnownFileType = sourcecode.c.objc; path = WhereamiAppDelegate.m; sourceTree = "<group>"; };
		652D337115FE4CE0003E01D3 /* WhereamiViewController.h */ = {isa = PBXFileReference; lastKnownFileType = sourcecode.c.h; path = WhereamiViewController.h; sourceTree = "<group>"; };
		652D337215FE4CE0003E01D3 /* WhereamiViewController.m */ = {isa = PBXFileReference; lastKnownFileType = sourcecode.c.objc; path = WhereamiViewController.m; sourceTree = "<group>"; };
		652D337515FE4CE0003E01D3 /* en */ = {isa = PBXFileReference; lastKnownFileType = file.xib; name = en; path = en.lproj/WhereamiViewController.xib; sourceTree = "<group>"; };
		652D337C15FE4E7E003E01D3 /* CoreLocation.framework */ = {isa = PBXFileReference; lastKnownFileType = wrapper.framework; name = CoreLocation.framework; path = System/Library/Frameworks/CoreLocation.framework; sourceTree = SDKROOT; };
		652D338615FF62BC003E01D3 /* MapKit.framework */ = {isa = PBXFileReference; lastKnownFileType = wrapper.framework; name = MapKit.framework; path = System/Library/Frameworks/MapKit.framework; sourceTree = SDKROOT; };
		652D338915FF93CD003E01D3 /* BNRMapPoint.h */ = {isa = PBXFileReference; fileEncoding = 4; lastKnownFileType = sourcecode.c.h; path = BNRMapPoint.h; sourceTree = "<group>"; };
		652D338A15FF93CD003E01D3 /* BNRMapPoint.m */ = {isa = PBXFileReference; fileEncoding = 4; lastKnownFileType = sourcecode.c.objc; path = BNRMapPoint.m; sourceTree = "<group>"; };
/* End PBXFileReference section */

/* Begin PBXFrameworksBuildPhase section */
		652D335815FE4CE0003E01D3 /* Frameworks */ = {
			isa = PBXFrameworksBuildPhase;
			buildActionMask = 2147483647;
			files = (
				652D338715FF62BC003E01D3 /* MapKit.framework in Frameworks */,
				652D337D15FE4E7E003E01D3 /* CoreLocation.framework in Frameworks */,
				652D336015FE4CE0003E01D3 /* UIKit.framework in Frameworks */,
				652D336215FE4CE0003E01D3 /* Foundation.framework in Frameworks */,
				652D336415FE4CE0003E01D3 /* CoreGraphics.framework in Frameworks */,
			);
			runOnlyForDeploymentPostprocessing = 0;
		};
/* End PBXFrameworksBuildPhase section */

/* Begin PBXGroup section */
		652D335015FE4CE0003E01D3 = {
			isa = PBXGroup;
			children = (
				652D336515FE4CE0003E01D3 /* Whereami */,
				652D335E15FE4CE0003E01D3 /* Frameworks */,
				652D335C15FE4CE0003E01D3 /* Products */,
			);
			sourceTree = "<group>";
		};
		652D335C15FE4CE0003E01D3 /* Products */ = {
			isa = PBXGroup;
			children = (
				652D335B15FE4CE0003E01D3 /* Whereami.app */,
			);
			name = Products;
			sourceTree = "<group>";
		};
		652D335E15FE4CE0003E01D3 /* Frameworks */ = {
			isa = PBXGroup;
			children = (
				652D338615FF62BC003E01D3 /* MapKit.framework */,
				652D337C15FE4E7E003E01D3 /* CoreLocation.framework */,
				652D335F15FE4CE0003E01D3 /* UIKit.framework */,
				652D336115FE4CE0003E01D3 /* Foundation.framework */,
				652D336315FE4CE0003E01D3 /* CoreGraphics.framework */,
			);
			name = Frameworks;
			sourceTree = "<group>";
		};
		652D336515FE4CE0003E01D3 /* Whereami */ = {
			isa = PBXGroup;
			children = (
				652D336E15FE4CE0003E01D3 /* WhereamiAppDelegate.h */,
				652D336F15FE4CE0003E01D3 /* WhereamiAppDelegate.m */,
				652D337115FE4CE0003E01D3 /* WhereamiViewController.h */,
				652D337215FE4CE0003E01D3 /* WhereamiViewController.m */,
				652D338915FF93CD003E01D3 /* BNRMapPoint.h */,
				652D338A15FF93CD003E01D3 /* BNRMapPoint.m */,
				652D337415FE4CE0003E01D3 /* WhereamiViewController.xib */,
				652D336615FE4CE0003E01D3 /* Supporting Files */,
			);
			path = Whereami;
			sourceTree = "<group>";
		};
		652D336615FE4CE0003E01D3 /* Supporting Files */ = {
			isa = PBXGroup;
			children = (
				652D336715FE4CE0003E01D3 /* Whereami-Info.plist */,
				652D336815FE4CE0003E01D3 /* InfoPlist.strings */,
				652D336B15FE4CE0003E01D3 /* main.m */,
				652D336D15FE4CE0003E01D3 /* Whereami-Prefix.pch */,
			);
			name = "Supporting Files";
			sourceTree = "<group>";
		};
/* End PBXGroup section */

/* Begin PBXNativeTarget section */
		652D335A15FE4CE0003E01D3 /* Whereami */ = {
			isa = PBXNativeTarget;
			buildConfigurationList = 652D337915FE4CE0003E01D3 /* Build configuration list for PBXNativeTarget "Whereami" */;
			buildPhases = (
				652D335715FE4CE0003E01D3 /* Sources */,
				652D335815FE4CE0003E01D3 /* Frameworks */,
				652D335915FE4CE0003E01D3 /* Resources */,
			);
			buildRules = (
			);
			dependencies = (
			);
			name = Whereami;
			productName = Whereami;
			productReference = 652D335B15FE4CE0003E01D3 /* Whereami.app */;
			productType = "com.apple.product-type.application";
		};
/* End PBXNativeTarget section */

/* Begin PBXProject section */
		652D335215FE4CE0003E01D3 /* Project object */ = {
			isa = PBXProject;
			attributes = {
				CLASSPREFIX = Whereami;
				LastUpgradeCheck = 0430;
			};
			buildConfigurationList = 652D335515FE4CE0003E01D3 /* Build configuration list for PBXProject "Whereami" */;
			compatibilityVersion = "Xcode 3.2";
			developmentRegion = English;
			hasScannedForEncodings = 0;
			knownRegions = (
				en,
			);
			mainGroup = 652D335015FE4CE0003E01D3;
			productRefGroup = 652D335C15FE4CE0003E01D3 /* Products */;
			projectDirPath = "";
			projectRoot = "";
			targets = (
				652D335A15FE4CE0003E01D3 /* Whereami */,
			);
		};
/* End PBXProject section */

/* Begin PBXResourcesBuildPhase section */
		652D335915FE4CE0003E01D3 /* Resources */ = {
			isa = PBXResourcesBuildPhase;
			buildActionMask = 2147483647;
			files = (
				652D336A15FE4CE0003E01D3 /* InfoPlist.strings in Resources */,
				652D337615FE4CE0003E01D3 /* WhereamiViewController.xib in Resources */,
			);
			runOnlyForDeploymentPostprocessing = 0;
		};
/* End PBXResourcesBuildPhase section */

/* Begin PBXSourcesBuildPhase section */
		652D335715FE4CE0003E01D3 /* Sources */ = {
			isa = PBXSourcesBuildPhase;
			buildActionMask = 2147483647;
			files = (
				652D336C15FE4CE0003E01D3 /* main.m in Sources */,
				652D337015FE4CE0003E01D3 /* WhereamiAppDelegate.m in Sources */,
				652D337315FE4CE0003E01D3 /* WhereamiViewController.m in Sources */,
				652D338B15FF93CD003E01D3 /* BNRMapPoint.m in Sources */,
			);
			runOnlyForDeploymentPostprocessing = 0;
		};
/* End PBXSourcesBuildPhase section */

/* Begin PBXVariantGroup section */
		652D336815FE4CE0003E01D3 /* InfoPlist.strings */ = {
			isa = PBXVariantGroup;
			children = (
				652D336915FE4CE0003E01D3 /* en */,
			);
			name = InfoPlist.strings;
			sourceTree = "<group>";
		};
		652D337415FE4CE0003E01D3 /* WhereamiViewController.xib */ = {
			isa = PBXVariantGroup;
			children = (
				652D337515FE4CE0003E01D3 /* en */,
			);
			name = WhereamiViewController.xib;
			sourceTree = "<group>";
		};
/* End PBXVariantGroup section */

/* Begin XCBuildConfiguration section */
		652D337715FE4CE0003E01D3 /* Debug */ = {
			isa = XCBuildConfiguration;
			buildSettings = {
				ALWAYS_SEARCH_USER_PATHS = NO;
				ARCHS = "$(ARCHS_STANDARD_32_BIT)";
				CLANG_ENABLE_OBJC_ARC = YES;
				"CODE_SIGN_IDENTITY[sdk=iphoneos*]" = "iPhone Developer";
				COPY_PHASE_STRIP = NO;
				GCC_C_LANGUAGE_STANDARD = gnu99;
				GCC_DYNAMIC_NO_PIC = NO;
				GCC_OPTIMIZATION_LEVEL = 0;
				GCC_PREPROCESSOR_DEFINITIONS = (
					"DEBUG=1",
					"$(inherited)",
				);
				GCC_SYMBOLS_PRIVATE_EXTERN = NO;
				GCC_VERSION = com.apple.compilers.llvm.clang.1_0;
				GCC_WARN_ABOUT_RETURN_TYPE = YES;
				GCC_WARN_UNINITIALIZED_AUTOS = YES;
				GCC_WARN_UNUSED_VARIABLE = YES;
				IPHONEOS_DEPLOYMENT_TARGET = 5.1;
				SDKROOT = iphoneos;
			};
			name = Debug;
		};
		652D337815FE4CE0003E01D3 /* Release */ = {
			isa = XCBuildConfiguration;
			buildSettings = {
				ALWAYS_SEARCH_USER_PATHS = NO;
				ARCHS = "$(ARCHS_STANDARD_32_BIT)";
				CLANG_ENABLE_OBJC_ARC = YES;
				"CODE_SIGN_IDENTITY[sdk=iphoneos*]" = "iPhone Developer";
				COPY_PHASE_STRIP = YES;
				GCC_C_LANGUAGE_STANDARD = gnu99;
				GCC_VERSION = com.apple.compilers.llvm.clang.1_0;
				GCC_WARN_ABOUT_RETURN_TYPE = YES;
				GCC_WARN_UNINITIALIZED_AUTOS = YES;
				GCC_WARN_UNUSED_VARIABLE = YES;
				IPHONEOS_DEPLOYMENT_TARGET = 5.1;
				OTHER_CFLAGS = "-DNS_BLOCK_ASSERTIONS=1";
				SDKROOT = iphoneos;
				VALIDATE_PRODUCT = YES;
			};
			name = Release;
		};
		652D337A15FE4CE0003E01D3 /* Debug */ = {
			isa = XCBuildConfiguration;
			buildSettings = {
				GCC_PRECOMPILE_PREFIX_HEADER = YES;
				GCC_PREFIX_HEADER = "Whereami/Whereami-Prefix.pch";
				INFOPLIST_FILE = "Whereami/Whereami-Info.plist";
				PRODUCT_NAME = "$(TARGET_NAME)";
				WRAPPER_EXTENSION = app;
			};
			name = Debug;
		};
		652D337B15FE4CE0003E01D3 /* Release */ = {
			isa = XCBuildConfiguration;
			buildSettings = {
				GCC_PRECOMPILE_PREFIX_HEADER = YES;
				GCC_PREFIX_HEADER = "Whereami/Whereami-Prefix.pch";
				INFOPLIST_FILE = "Whereami/Whereami-Info.plist";
				PRODUCT_NAME = "$(TARGET_NAME)";
				WRAPPER_EXTENSION = app;
			};
			name = Release;
		};
/* End XCBuildConfiguration section */

/* Begin XCConfigurationList section */
		652D335515FE4CE0003E01D3 /* Build configuration list for PBXProject "Whereami" */ = {
			isa = XCConfigurationList;
			buildConfigurations = (
				652D337715FE4CE0003E01D3 /* Debug */,
				652D337815FE4CE0003E01D3 /* Release */,
			);
			defaultConfigurationIsVisible = 0;
			defaultConfigurationName = Release;
		};
		652D337915FE4CE0003E01D3 /* Build configuration list for PBXNativeTarget "Whereami" */ = {
			isa = XCConfigurationList;
			buildConfigurations = (
				652D337A15FE4CE0003E01D3 /* Debug */,
				652D337B15FE4CE0003E01D3 /* Release */,
			);
			defaultConfigurationIsVisible = 0;
			defaultConfigurationName = Release;
		};
/* End XCConfigurationList section */
	};
	rootObject = 652D335215FE4CE0003E01D3 /* Project object */;
}
